{
  "name": "a-la-mod-mockup",
  "version": "1.0.0",
  "lockfileVersion": 1,
  "requires": true,
  "dependencies": {
    "nodemailer": {
      "version": "3.1.8",
      "resolved": "https://registry.npmjs.org/nodemailer/-/nodemailer-3.1.8.tgz",
      "integrity": "sha1-/r+sy0vSc2eEc6MJxstLSi88SOM="
    }
  }
}
